
Microsoft Visual Studio Solution File, Format Version 12.00
# Visual Studio Version 16
VisualStudioVersion = 16.0.31729.503
MinimumVisualStudioVersion = 10.0.40219.1
Project("{FAE04EC0-301F-11D3-BF4B-00C04F79EFBC}") = "Bancodedados", "Bancodedados\Bancodedados.csproj", "{D5D04CC8-E111-45EE-93E8-6F660A259D53}"
EndProject
Global
	GlobalSection(SolutionConfigurationPlatforms) = preSolution
		Debug|Any CPU = Debug|Any CPU
		Release|Any CPU = Release|Any CPU
	EndGlobalSection
	GlobalSection(ProjectConfigurationPlatforms) = postSolution
		{D5D04CC8-E111-45EE-93E8-6F660A259D53}.Debug|Any CPU.ActiveCfg = Debug|Any CPU
		{D5D04CC8-E111-45EE-93E8-6F660A259D53}.Debug|Any CPU.Build.0 = Debug|Any CPU
		{D5D04CC8-E111-45EE-93E8-6F660A259D53}.Release|Any CPU.ActiveCfg = Release|Any CPU
		{D5D04CC8-E111-45EE-93E8-6F660A259D53}.Release|Any CPU.Build.0 = Release|Any CPU
	EndGlobalSection
	GlobalSection(SolutionProperties) = preSolution
		HideSolutionNode = FALSE
	EndGlobalSection
	GlobalSection(ExtensibilityGlobals) = postSolution
		SolutionGuid = {F4977281-BFFD-41DD-A215-D8E39CC95783}
	EndGlobalSection
EndGlobal
